<Solution>
  <Folder Name="/Solution Items/">
    <File Path=".editorconfig" />
    <File Path=".gitignore" />
    <File Path="LICENSE" />
    <File Path="README.md" />
  </Folder>
  <Project Path="EnumSerializer.Package/EnumSerializer.Package.csproj" />
  <Project Path="EnumSerializer/EnumSerializer.csproj" />
</Solution>
